# THIS IS AN AUTOGENERATED FILE. DO NOT EDIT THIS FILE DIRECTLY.
# yarn lockfile v1


"@zeit/schemas@2.6.0":
  version "2.6.0"
  resolved "https://registry.npmjs.org/@zeit/schemas/-/schemas-2.6.0.tgz"

accepts@~1.3.5:
  version "1.3.7"
  resolved "https://registry.npmjs.org/accepts/-/accepts-1.3.7.tgz"
  dependencies:
    mime-types "~2.1.24"
    negotiator "0.6.2"

ajv@6.12.6:
  version "6.12.6"
  resolved "https://registry.npmjs.org/ajv/-/ajv-6.12.6.tgz"
  dependencies:
    fast-deep-equal "^3.1.1"
    fast-json-stable-stringify "^2.0.0"
    json-schema-traverse "^0.4.1"
    uri-js "^4.2.2"

ansi-align@^3.0.0:
  version "3.0.1"
  resolved "https://registry.npmjs.org/ansi-align/-/ansi-align-3.0.1.tgz"
  dependencies:
    string-width "^4.1.0"

ansi-regex@^5.0.1:
  version "5.0.1"
  resolved "https://registry.npmjs.org/ansi-regex/-/ansi-regex-5.0.1.tgz"

ansi-styles@^3.2.1:
  version "3.2.1"
  resolved "https://registry.npmjs.org/ansi-styles/-/ansi-styles-3.2.1.tgz"
  dependencies:
    color-convert "^1.9.0"

ansi-styles@^4.0.0, ansi-styles@^4.1.0:
  version "4.3.0"
  resolved "https://registry.npmjs.org/ansi-styles/-/ansi-styles-4.3.0.tgz"
  dependencies:
    color-convert "^2.0.1"

anymatch@~3.1.2:
  version "3.1.2"
  resolved "https://registry.npmjs.org/anymatch/-/anymatch-3.1.2.tgz"
  dependencies:
    normalize-path "^3.0.0"
    picomatch "^2.0.4"

arch@^2.1.1:
  version "2.2.0"
  resolved "https://registry.npmjs.org/arch/-/arch-2.2.0.tgz"

arg@2.0.0:
  version "2.0.0"
  resolved "https://registry.npmjs.org/arg/-/arg-2.0.0.tgz"

balanced-match@^1.0.0:
  version "1.0.2"
  resolved "https://registry.npmjs.org/balanced-match/-/balanced-match-1.0.2.tgz"

binary-extensions@^2.0.0:
  version "2.2.0"
  resolved "https://registry.npmjs.org/binary-extensions/-/binary-extensions-2.2.0.tgz"

boxen@5.1.2:
  version "5.1.2"
  resolved "https://registry.npmjs.org/boxen/-/boxen-5.1.2.tgz"
  dependencies:
    ansi-align "^3.0.0"
    camelcase "^6.2.0"
    chalk "^4.1.0"
    cli-boxes "^2.2.1"
    string-width "^4.2.2"
    type-fest "^0.20.2"
    widest-line "^3.1.0"
    wrap-ansi "^7.0.0"

brace-expansion@^1.1.7:
  version "1.1.11"
  resolved "https://registry.npmjs.org/brace-expansion/-/brace-expansion-1.1.11.tgz"
  dependencies:
    balanced-match "^1.0.0"
    concat-map "0.0.1"

braces@~3.0.2:
  version "3.0.2"
  resolved "https://registry.npmjs.org/braces/-/braces-3.0.2.tgz"
  dependencies:
    fill-range "^7.0.1"

bytes@3.0.0:
  version "3.0.0"
  resolved "https://registry.npmjs.org/bytes/-/bytes-3.0.0.tgz"

camelcase@^6.2.0:
  version "6.3.0"
  resolved "https://registry.npmjs.org/camelcase/-/camelcase-6.3.0.tgz"

chalk@2.4.1:
  version "2.4.1"
  resolved "https://registry.npmjs.org/chalk/-/chalk-2.4.1.tgz"
  dependencies:
    ansi-styles "^3.2.1"
    escape-string-regexp "^1.0.5"
    supports-color "^5.3.0"

chalk@^4.1.0:
  version "4.1.2"
  resolved "https://registry.npmjs.org/chalk/-/chalk-4.1.2.tgz"
  dependencies:
    ansi-styles "^4.1.0"
    supports-color "^7.1.0"

"chokidar@>=3.0.0 <4.0.0":
  version "3.5.2"
  resolved "https://registry.npmjs.org/chokidar/-/chokidar-3.5.2.tgz"
  dependencies:
    anymatch "~3.1.2"
    braces "~3.0.2"
    glob-parent "~5.1.2"
    is-binary-path "~2.1.0"
    is-glob "~4.0.1"
    normalize-path "~3.0.0"
    readdirp "~3.6.0"
  optionalDependencies:
    fsevents "~2.3.2"

cli-boxes@^2.2.1:
  version "2.2.1"
  resolved "https://registry.npmjs.org/cli-boxes/-/cli-boxes-2.2.1.tgz"

clipboardy@2.3.0:
  version "2.3.0"
  resolved "https://registry.npmjs.org/clipboardy/-/clipboardy-2.3.0.tgz"
  dependencies:
    arch "^2.1.1"
    execa "^1.0.0"
    is-wsl "^2.1.1"

color-convert@^1.9.0:
  version "1.9.3"
  resolved "https://registry.npmjs.org/color-convert/-/color-convert-1.9.3.tgz"
  dependencies:
    color-name "1.1.3"

color-convert@^2.0.1:
  version "2.0.1"
  resolved "https://registry.npmjs.org/color-convert/-/color-convert-2.0.1.tgz"
  dependencies:
    color-name "~1.1.4"

color-name@1.1.3:
  version "1.1.3"
  resolved "https://registry.npmjs.org/color-name/-/color-name-1.1.3.tgz"

color-name@~1.1.4:
  version "1.1.4"
  resolved "https://registry.npmjs.org/color-name/-/color-name-1.1.4.tgz"

compressible@~2.0.14:
  version "2.0.18"
  resolved "https://registry.npmjs.org/compressible/-/compressible-2.0.18.tgz"
  dependencies:
    mime-db ">= 1.43.0 < 2"

compression@1.7.3:
  version "1.7.3"
  resolved "https://registry.npmjs.org/compression/-/compression-1.7.3.tgz"
  dependencies:
    accepts "~1.3.5"
    bytes "3.0.0"
    compressible "~2.0.14"
    debug "2.6.9"
    on-headers "~1.0.1"
    safe-buffer "5.1.2"
    vary "~1.1.2"

concat-map@0.0.1:
  version "0.0.1"
  resolved "https://registry.npmjs.org/concat-map/-/concat-map-0.0.1.tgz"

content-disposition@0.5.2:
  version "0.5.2"
  resolved "https://registry.npmjs.org/content-disposition/-/content-disposition-0.5.2.tgz"

cross-spawn@^6.0.0:
  version "6.0.5"
  resolved "https://registry.npmjs.org/cross-spawn/-/cross-spawn-6.0.5.tgz"
  dependencies:
    nice-try "^1.0.4"
    path-key "^2.0.1"
    semver "^5.5.0"
    shebang-command "^1.2.0"
    which "^1.2.9"

debug@2.6.9:
  version "2.6.9"
  resolved "https://registry.npmjs.org/debug/-/debug-2.6.9.tgz"
  dependencies:
    ms "2.0.0"

deep-extend@^0.6.0:
  version "0.6.0"
  resolved "https://registry.npmjs.org/deep-extend/-/deep-extend-0.6.0.tgz"

emoji-regex@^8.0.0:
  version "8.0.0"
  resolved "https://registry.npmjs.org/emoji-regex/-/emoji-regex-8.0.0.tgz"

end-of-stream@^1.1.0:
  version "1.4.4"
  resolved "https://registry.npmjs.org/end-of-stream/-/end-of-stream-1.4.4.tgz"
  dependencies:
    once "^1.4.0"

escape-string-regexp@^1.0.5:
  version "1.0.5"
  resolved "https://registry.npmjs.org/escape-string-regexp/-/escape-string-regexp-1.0.5.tgz"

execa@^1.0.0:
  version "1.0.0"
  resolved "https://registry.npmjs.org/execa/-/execa-1.0.0.tgz"
  dependencies:
    cross-spawn "^6.0.0"
    get-stream "^4.0.0"
    is-stream "^1.1.0"
    npm-run-path "^2.0.0"
    p-finally "^1.0.0"
    signal-exit "^3.0.0"
    strip-eof "^1.0.0"

fast-deep-equal@^3.1.1:
  version "3.1.3"
  resolved "https://registry.npmjs.org/fast-deep-equal/-/fast-deep-equal-3.1.3.tgz"

fast-json-stable-stringify@^2.0.0:
  version "2.1.0"
  resolved "https://registry.npmjs.org/fast-json-stable-stringify/-/fast-json-stable-stringify-2.1.0.tgz"

fast-url-parser@1.1.3:
  version "1.1.3"
  resolved "https://registry.npmjs.org/fast-url-parser/-/fast-url-parser-1.1.3.tgz"
  dependencies:
    punycode "^1.3.2"

fill-range@^7.0.1:
  version "7.0.1"
  resolved "https://registry.npmjs.org/fill-range/-/fill-range-7.0.1.tgz"
  dependencies:
    to-regex-range "^5.0.1"

fsevents@~2.3.2:
  version "2.3.2"
  resolved "https://registry.npmjs.org/fsevents/-/fsevents-2.3.2.tgz"

get-stream@^4.0.0:
  version "4.1.0"
  resolved "https://registry.npmjs.org/get-stream/-/get-stream-4.1.0.tgz"
  dependencies:
    pump "^3.0.0"

glob-parent@~5.1.2:
  version "5.1.2"
  resolved "https://registry.npmjs.org/glob-parent/-/glob-parent-5.1.2.tgz"
  dependencies:
    is-glob "^4.0.1"

has-flag@^3.0.0:
  version "3.0.0"
  resolved "https://registry.npmjs.org/has-flag/-/has-flag-3.0.0.tgz"

has-flag@^4.0.0:
  version "4.0.0"
  resolved "https://registry.npmjs.org/has-flag/-/has-flag-4.0.0.tgz"

immutable@^4.0.0:
  version "4.0.0"
  resolved "https://registry.npmjs.org/immutable/-/immutable-4.0.0.tgz"

ini@~1.3.0:
  version "1.3.8"
  resolved "https://registry.npmjs.org/ini/-/ini-1.3.8.tgz"

is-binary-path@~2.1.0:
  version "2.1.0"
  resolved "https://registry.npmjs.org/is-binary-path/-/is-binary-path-2.1.0.tgz"
  dependencies:
    binary-extensions "^2.0.0"

is-docker@^2.0.0:
  version "2.2.1"
  resolved "https://registry.npmjs.org/is-docker/-/is-docker-2.2.1.tgz"

is-extglob@^2.1.1:
  version "2.1.1"
  resolved "https://registry.npmjs.org/is-extglob/-/is-extglob-2.1.1.tgz"

is-fullwidth-code-point@^3.0.0:
  version "3.0.0"
  resolved "https://registry.npmjs.org/is-fullwidth-code-point/-/is-fullwidth-code-point-3.0.0.tgz"

is-glob@^4.0.1, is-glob@~4.0.1:
  version "4.0.3"
  resolved "https://registry.npmjs.org/is-glob/-/is-glob-4.0.3.tgz"
  dependencies:
    is-extglob "^2.1.1"

is-number@^7.0.0:
  version "7.0.0"
  resolved "https://registry.npmjs.org/is-number/-/is-number-7.0.0.tgz"

is-stream@^1.1.0:
  version "1.1.0"
  resolved "https://registry.npmjs.org/is-stream/-/is-stream-1.1.0.tgz"

is-wsl@^2.1.1:
  version "2.2.0"
  resolved "https://registry.npmjs.org/is-wsl/-/is-wsl-2.2.0.tgz"
  dependencies:
    is-docker "^2.0.0"

isexe@^2.0.0:
  version "2.0.0"
  resolved "https://registry.npmjs.org/isexe/-/isexe-2.0.0.tgz"

json-schema-traverse@^0.4.1:
  version "0.4.1"
  resolved "https://registry.npmjs.org/json-schema-traverse/-/json-schema-traverse-0.4.1.tgz"

mime-db@1.51.0, "mime-db@>= 1.43.0 < 2":
  version "1.51.0"
  resolved "https://registry.npmjs.org/mime-db/-/mime-db-1.51.0.tgz"

mime-db@~1.33.0:
  version "1.33.0"
  resolved "https://registry.npmjs.org/mime-db/-/mime-db-1.33.0.tgz"

mime-types@2.1.18:
  version "2.1.18"
  resolved "https://registry.npmjs.org/mime-types/-/mime-types-2.1.18.tgz"
  dependencies:
    mime-db "~1.33.0"

mime-types@~2.1.24:
  version "2.1.34"
  resolved "https://registry.npmjs.org/mime-types/-/mime-types-2.1.34.tgz"
  dependencies:
    mime-db "1.51.0"

minimatch@3.0.4:
  version "3.0.4"
  resolved "https://registry.npmjs.org/minimatch/-/minimatch-3.0.4.tgz"
  dependencies:
    brace-expansion "^1.1.7"

minimist@^1.2.0:
  version "1.2.6"
  resolved "https://registry.yarnpkg.com/minimist/-/minimist-1.2.6.tgz#8637a5b759ea0d6e98702cfb3a9283323c93af44"

ms@2.0.0:
  version "2.0.0"
  resolved "https://registry.npmjs.org/ms/-/ms-2.0.0.tgz"

negotiator@0.6.2:
  version "0.6.2"
  resolved "https://registry.npmjs.org/negotiator/-/negotiator-0.6.2.tgz"

nice-try@^1.0.4:
  version "1.0.5"
  resolved "https://registry.npmjs.org/nice-try/-/nice-try-1.0.5.tgz"

normalize-path@^3.0.0, normalize-path@~3.0.0:
  version "3.0.0"
  resolved "https://registry.npmjs.org/normalize-path/-/normalize-path-3.0.0.tgz"

npm-run-path@^2.0.0:
  version "2.0.2"
  resolved "https://registry.npmjs.org/npm-run-path/-/npm-run-path-2.0.2.tgz"
  dependencies:
    path-key "^2.0.0"

on-headers@~1.0.1:
  version "1.0.2"
  resolved "https://registry.npmjs.org/on-headers/-/on-headers-1.0.2.tgz"

once@^1.3.1, once@^1.4.0:
  version "1.4.0"
  resolved "https://registry.npmjs.org/once/-/once-1.4.0.tgz"
  dependencies:
    wrappy "1"

p-finally@^1.0.0:
  version "1.0.0"
  resolved "https://registry.npmjs.org/p-finally/-/p-finally-1.0.0.tgz"

path-is-inside@1.0.2:
  version "1.0.2"
  resolved "https://registry.npmjs.org/path-is-inside/-/path-is-inside-1.0.2.tgz"

path-key@^2.0.0, path-key@^2.0.1:
  version "2.0.1"
  resolved "https://registry.npmjs.org/path-key/-/path-key-2.0.1.tgz"

path-to-regexp@2.2.1:
  version "2.2.1"
  resolved "https://registry.npmjs.org/path-to-regexp/-/path-to-regexp-2.2.1.tgz"

picomatch@^2.0.4, picomatch@^2.2.1:
  version "2.3.1"
  resolved "https://registry.npmjs.org/picomatch/-/picomatch-2.3.1.tgz"

prettier@^2.5.1:
  version "2.5.1"
  resolved "https://registry.npmjs.org/prettier/-/prettier-2.5.1.tgz"

pump@^3.0.0:
  version "3.0.0"
  resolved "https://registry.npmjs.org/pump/-/pump-3.0.0.tgz"
  dependencies:
    end-of-stream "^1.1.0"
    once "^1.3.1"

punycode@^1.3.2:
  version "1.4.1"
  resolved "https://registry.npmjs.org/punycode/-/punycode-1.4.1.tgz"

punycode@^2.1.0:
  version "2.1.1"
  resolved "https://registry.npmjs.org/punycode/-/punycode-2.1.1.tgz"

range-parser@1.2.0:
  version "1.2.0"
  resolved "https://registry.npmjs.org/range-parser/-/range-parser-1.2.0.tgz"

rc@^1.0.1, rc@^1.1.6:
  version "1.2.8"
  resolved "https://registry.npmjs.org/rc/-/rc-1.2.8.tgz"
  dependencies:
    deep-extend "^0.6.0"
    ini "~1.3.0"
    minimist "^1.2.0"
    strip-json-comments "~2.0.1"

readdirp@~3.6.0:
  version "3.6.0"
  resolved "https://registry.npmjs.org/readdirp/-/readdirp-3.6.0.tgz"
  dependencies:
    picomatch "^2.2.1"

registry-auth-token@3.3.2:
  version "3.3.2"
  resolved "https://registry.npmjs.org/registry-auth-token/-/registry-auth-token-3.3.2.tgz"
  dependencies:
    rc "^1.1.6"
    safe-buffer "^5.0.1"

registry-url@3.1.0:
  version "3.1.0"
  resolved "https://registry.npmjs.org/registry-url/-/registry-url-3.1.0.tgz"
  dependencies:
    rc "^1.0.1"

safe-buffer@5.1.2, safe-buffer@^5.0.1:
  version "5.1.2"
  resolved "https://registry.npmjs.org/safe-buffer/-/safe-buffer-5.1.2.tgz"

sass@^1.48.0:
  version "1.48.0"
  resolved "https://registry.npmjs.org/sass/-/sass-1.48.0.tgz"
  dependencies:
    chokidar ">=3.0.0 <4.0.0"
    immutable "^4.0.0"
    source-map-js ">=0.6.2 <2.0.0"

semver@^5.5.0:
  version "5.7.1"
  resolved "https://registry.npmjs.org/semver/-/semver-5.7.1.tgz"

serve-handler@6.1.3:
  version "6.1.3"
  resolved "https://registry.npmjs.org/serve-handler/-/serve-handler-6.1.3.tgz"
  dependencies:
    bytes "3.0.0"
    content-disposition "0.5.2"
    fast-url-parser "1.1.3"
    mime-types "2.1.18"
    minimatch "3.0.4"
    path-is-inside "1.0.2"
    path-to-regexp "2.2.1"
    range-parser "1.2.0"

serve@^13.0.2:
  version "13.0.2"
  resolved "https://registry.npmjs.org/serve/-/serve-13.0.2.tgz"
  dependencies:
    "@zeit/schemas" "2.6.0"
    ajv "6.12.6"
    arg "2.0.0"
    boxen "5.1.2"
    chalk "2.4.1"
    clipboardy "2.3.0"
    compression "1.7.3"
    serve-handler "6.1.3"
    update-check "1.5.2"

shebang-command@^1.2.0:
  version "1.2.0"
  resolved "https://registry.npmjs.org/shebang-command/-/shebang-command-1.2.0.tgz"
  dependencies:
    shebang-regex "^1.0.0"

shebang-regex@^1.0.0:
  version "1.0.0"
  resolved "https://registry.npmjs.org/shebang-regex/-/shebang-regex-1.0.0.tgz"

signal-exit@^3.0.0:
  version "3.0.6"
  resolved "https://registry.npmjs.org/signal-exit/-/signal-exit-3.0.6.tgz"

"source-map-js@>=0.6.2 <2.0.0":
  version "1.0.1"
  resolved "https://registry.npmjs.org/source-map-js/-/source-map-js-1.0.1.tgz"

string-width@^4.0.0, string-width@^4.1.0, string-width@^4.2.2:
  version "4.2.3"
  resolved "https://registry.npmjs.org/string-width/-/string-width-4.2.3.tgz"
  dependencies:
    emoji-regex "^8.0.0"
    is-fullwidth-code-point "^3.0.0"
    strip-ansi "^6.0.1"

strip-ansi@^6.0.0, strip-ansi@^6.0.1:
  version "6.0.1"
  resolved "https://registry.npmjs.org/strip-ansi/-/strip-ansi-6.0.1.tgz"
  dependencies:
    ansi-regex "^5.0.1"

strip-eof@^1.0.0:
  version "1.0.0"
  resolved "https://registry.npmjs.org/strip-eof/-/strip-eof-1.0.0.tgz"

strip-json-comments@~2.0.1:
  version "2.0.1"
  resolved "https://registry.npmjs.org/strip-json-comments/-/strip-json-comments-2.0.1.tgz"

supports-color@^5.3.0:
  version "5.5.0"
  resolved "https://registry.npmjs.org/supports-color/-/supports-color-5.5.0.tgz"
  dependencies:
    has-flag "^3.0.0"

supports-color@^7.1.0:
  version "7.2.0"
  resolved "https://registry.npmjs.org/supports-color/-/supports-color-7.2.0.tgz"
  dependencies:
    has-flag "^4.0.0"

to-regex-range@^5.0.1:
  version "5.0.1"
  resolved "https://registry.npmjs.org/to-regex-range/-/to-regex-range-5.0.1.tgz"
  dependencies:
    is-number "^7.0.0"

type-fest@^0.20.2:
  version "0.20.2"
  resolved "https://registry.npmjs.org/type-fest/-/type-fest-0.20.2.tgz"

update-check@1.5.2:
  version "1.5.2"
  resolved "https://registry.npmjs.org/update-check/-/update-check-1.5.2.tgz"
  dependencies:
    registry-auth-token "3.3.2"
    registry-url "3.1.0"

uri-js@^4.2.2:
  version "4.4.1"
  resolved "https://registry.npmjs.org/uri-js/-/uri-js-4.4.1.tgz"
  dependencies:
    punycode "^2.1.0"

vary@~1.1.2:
  version "1.1.2"
  resolved "https://registry.npmjs.org/vary/-/vary-1.1.2.tgz"

which@^1.2.9:
  version "1.3.1"
  resolved "https://registry.npmjs.org/which/-/which-1.3.1.tgz"
  dependencies:
    isexe "^2.0.0"

widest-line@^3.1.0:
  version "3.1.0"
  resolved "https://registry.npmjs.org/widest-line/-/widest-line-3.1.0.tgz"
  dependencies:
    string-width "^4.0.0"

wrap-ansi@^7.0.0:
  version "7.0.0"
  resolved "https://registry.npmjs.org/wrap-ansi/-/wrap-ansi-7.0.0.tgz"
  dependencies:
    ansi-styles "^4.0.0"
    string-width "^4.1.0"
    strip-ansi "^6.0.0"

wrappy@1:
  version "1.0.2"
  resolved "https://registry.npmjs.org/wrappy/-/wrappy-1.0.2.tgz"
